
Microsoft Visual Studio Solution File, Format Version 12.00
# Visual Studio Version 17
VisualStudioVersion = 17.6.33815.320
MinimumVisualStudioVersion = 10.0.40219.1
Project("{FAE04EC0-301F-11D3-BF4B-00C04F79EFBC}") = "TravelTeam_Final", "TravelTeam_Final\TravelTeam_Final.csproj", "{A59966AD-3A1E-4746-B7E0-D15E31D73555}"
EndProject
Global
	GlobalSection(SolutionConfigurationPlatforms) = preSolution
		Debug|Any CPU = Debug|Any CPU
		Release|Any CPU = Release|Any CPU
	EndGlobalSection
	GlobalSection(ProjectConfigurationPlatforms) = postSolution
		{A59966AD-3A1E-4746-B7E0-D15E31D73555}.Debug|Any CPU.ActiveCfg = Debug|Any CPU
		{A59966AD-3A1E-4746-B7E0-D15E31D73555}.Debug|Any CPU.Build.0 = Debug|Any CPU
		{A59966AD-3A1E-4746-B7E0-D15E31D73555}.Release|Any CPU.ActiveCfg = Release|Any CPU
		{A59966AD-3A1E-4746-B7E0-D15E31D73555}.Release|Any CPU.Build.0 = Release|Any CPU
	EndGlobalSection
	GlobalSection(SolutionProperties) = preSolution
		HideSolutionNode = FALSE
	EndGlobalSection
	GlobalSection(ExtensibilityGlobals) = postSolution
		SolutionGuid = {CC457150-6DC4-4DFA-81DA-83ABDE27821C}
	EndGlobalSection
EndGlobal
